
Microsoft Visual Studio Solution File, Format Version 12.00
# Visual Studio 15
VisualStudioVersion = 15.0.27004.2008
MinimumVisualStudioVersion = 10.0.40219.1
Project("{FAE04EC0-301F-11D3-BF4B-00C04F79EFBC}") = "MicroBreweryCatalog", "MicroBreweryCatalog\MicroBreweryCatalog.csproj", "{5C5F2A0B-BB61-43A1-9D10-C7566263DADC}"
EndProject
Project("{FAE04EC0-301F-11D3-BF4B-00C04F79EFBC}") = "Domain", "Domain\Domain.csproj", "{0D342D9E-6D4D-43B4-B2A0-220D902CD094}"
EndProject
Project("{FAE04EC0-301F-11D3-BF4B-00C04F79EFBC}") = "DomainUnitTestProject", "DomainUnitTestProject\DomainUnitTestProject.csproj", "{050F712A-947B-4FE2-89D9-928CD96707C5}"
EndProject
Global
	GlobalSection(SolutionConfigurationPlatforms) = preSolution
		Debug|Any CPU = Debug|Any CPU
		Release|Any CPU = Release|Any CPU
	EndGlobalSection
	GlobalSection(ProjectConfigurationPlatforms) = postSolution
		{5C5F2A0B-BB61-43A1-9D10-C7566263DADC}.Debug|Any CPU.ActiveCfg = Debug|Any CPU
		{5C5F2A0B-BB61-43A1-9D10-C7566263DADC}.Debug|Any CPU.Build.0 = Debug|Any CPU
		{5C5F2A0B-BB61-43A1-9D10-C7566263DADC}.Release|Any CPU.ActiveCfg = Release|Any CPU
		{5C5F2A0B-BB61-43A1-9D10-C7566263DADC}.Release|Any CPU.Build.0 = Release|Any CPU
		{0D342D9E-6D4D-43B4-B2A0-220D902CD094}.Debug|Any CPU.ActiveCfg = Debug|Any CPU
		{0D342D9E-6D4D-43B4-B2A0-220D902CD094}.Debug|Any CPU.Build.0 = Debug|Any CPU
		{0D342D9E-6D4D-43B4-B2A0-220D902CD094}.Release|Any CPU.ActiveCfg = Release|Any CPU
		{0D342D9E-6D4D-43B4-B2A0-220D902CD094}.Release|Any CPU.Build.0 = Release|Any CPU
		{050F712A-947B-4FE2-89D9-928CD96707C5}.Debug|Any CPU.ActiveCfg = Debug|Any CPU
		{050F712A-947B-4FE2-89D9-928CD96707C5}.Debug|Any CPU.Build.0 = Debug|Any CPU
		{050F712A-947B-4FE2-89D9-928CD96707C5}.Release|Any CPU.ActiveCfg = Release|Any CPU
		{050F712A-947B-4FE2-89D9-928CD96707C5}.Release|Any CPU.Build.0 = Release|Any CPU
	EndGlobalSection
	GlobalSection(SolutionProperties) = preSolution
		HideSolutionNode = FALSE
	EndGlobalSection
	GlobalSection(ExtensibilityGlobals) = postSolution
		SolutionGuid = {D811A2B0-950F-4D4D-89D3-9E7C32F4CEC3}
	EndGlobalSection
EndGlobal
